
Microsoft Visual Studio Solution File, Format Version 12.00
# Visual Studio Version 16
VisualStudioVersion = 16.0.31410.357
MinimumVisualStudioVersion = 10.0.40219.1
Project("{FAE04EC0-301F-11D3-BF4B-00C04F79EFBC}") = "NavigationMVVM", "NavigationMVVM\NavigationMVVM.csproj", "{BE1022AC-ED73-4A76-921F-64EA5E648864}"
EndProject
Global
	GlobalSection(SolutionConfigurationPlatforms) = preSolution
		Debug|Any CPU = Debug|Any CPU
		Release|Any CPU = Release|Any CPU
	EndGlobalSection
	GlobalSection(ProjectConfigurationPlatforms) = postSolution
		{BE1022AC-ED73-4A76-921F-64EA5E648864}.Debug|Any CPU.ActiveCfg = Debug|Any CPU
		{BE1022AC-ED73-4A76-921F-64EA5E648864}.Debug|Any CPU.Build.0 = Debug|Any CPU
		{BE1022AC-ED73-4A76-921F-64EA5E648864}.Release|Any CPU.ActiveCfg = Release|Any CPU
		{BE1022AC-ED73-4A76-921F-64EA5E648864}.Release|Any CPU.Build.0 = Release|Any CPU
	EndGlobalSection
	GlobalSection(SolutionProperties) = preSolution
		HideSolutionNode = FALSE
	EndGlobalSection
	GlobalSection(ExtensibilityGlobals) = postSolution
		SolutionGuid = {81E4E471-3798-40DD-BB9E-22909A87A95C}
	EndGlobalSection
EndGlobal
